
Microsoft Visual Studio Solution File, Format Version 12.00
# Visual Studio 15
VisualStudioVersion = 15.0.28307.438
MinimumVisualStudioVersion = 10.0.40219.1
Project("{FAE04EC0-301F-11D3-BF4B-00C04F79EFBC}") = "Proje2", "Proje2\Proje2.csproj", "{DD537292-C21F-4A68-AD6D-04C2139F040A}"
EndProject
Global
	GlobalSection(SolutionConfigurationPlatforms) = preSolution
		Debug|Any CPU = Debug|Any CPU
		Release|Any CPU = Release|Any CPU
	EndGlobalSection
	GlobalSection(ProjectConfigurationPlatforms) = postSolution
		{DD537292-C21F-4A68-AD6D-04C2139F040A}.Debug|Any CPU.ActiveCfg = Debug|Any CPU
		{DD537292-C21F-4A68-AD6D-04C2139F040A}.Debug|Any CPU.Build.0 = Debug|Any CPU
		{DD537292-C21F-4A68-AD6D-04C2139F040A}.Release|Any CPU.ActiveCfg = Release|Any CPU
		{DD537292-C21F-4A68-AD6D-04C2139F040A}.Release|Any CPU.Build.0 = Release|Any CPU
	EndGlobalSection
	GlobalSection(SolutionProperties) = preSolution
		HideSolutionNode = FALSE
	EndGlobalSection
	GlobalSection(ExtensibilityGlobals) = postSolution
		SolutionGuid = {6CCB5787-B0F1-4D2E-9F93-D31599F3D92D}
	EndGlobalSection
EndGlobal
